
Microsoft Visual Studio Solution File, Format Version 12.00
# Visual Studio Version 17
VisualStudioVersion = 17.8.34309.116
MinimumVisualStudioVersion = 10.0.40219.1
Project("{9A19103F-16F7-4668-BE54-9A1E7A4F7556}") = "ConferenceAPI.Web", "ConferenceAPI.Web\ConferenceAPI.Web.csproj", "{ADBBAF1C-63C1-448C-85C3-E00CC1E8A273}"
EndProject
Project("{9A19103F-16F7-4668-BE54-9A1E7A4F7556}") = "ConferenceAPI.Core", "ConferenceAPI.Core\ConferenceAPI.Core.csproj", "{5BF2AB3A-11E8-47DA-ADD1-901572A45443}"
EndProject
Project("{E53339B2-1760-4266-BCC7-CA923CBCF16C}") = "docker-compose", "docker-compose.dcproj", "{797CA452-BDBD-4BC3-A2B7-DA3FAB05743E}"
EndProject
Global
	GlobalSection(SolutionConfigurationPlatforms) = preSolution
		Debug|Any CPU = Debug|Any CPU
		Release|Any CPU = Release|Any CPU
	EndGlobalSection
	GlobalSection(ProjectConfigurationPlatforms) = postSolution
		{ADBBAF1C-63C1-448C-85C3-E00CC1E8A273}.Debug|Any CPU.ActiveCfg = Debug|Any CPU
		{ADBBAF1C-63C1-448C-85C3-E00CC1E8A273}.Debug|Any CPU.Build.0 = Debug|Any CPU
		{ADBBAF1C-63C1-448C-85C3-E00CC1E8A273}.Release|Any CPU.ActiveCfg = Release|Any CPU
		{ADBBAF1C-63C1-448C-85C3-E00CC1E8A273}.Release|Any CPU.Build.0 = Release|Any CPU
		{5BF2AB3A-11E8-47DA-ADD1-901572A45443}.Debug|Any CPU.ActiveCfg = Debug|Any CPU
		{5BF2AB3A-11E8-47DA-ADD1-901572A45443}.Debug|Any CPU.Build.0 = Debug|Any CPU
		{5BF2AB3A-11E8-47DA-ADD1-901572A45443}.Release|Any CPU.ActiveCfg = Release|Any CPU
		{5BF2AB3A-11E8-47DA-ADD1-901572A45443}.Release|Any CPU.Build.0 = Release|Any CPU
		{797CA452-BDBD-4BC3-A2B7-DA3FAB05743E}.Debug|Any CPU.ActiveCfg = Debug|Any CPU
		{797CA452-BDBD-4BC3-A2B7-DA3FAB05743E}.Debug|Any CPU.Build.0 = Debug|Any CPU
		{797CA452-BDBD-4BC3-A2B7-DA3FAB05743E}.Release|Any CPU.ActiveCfg = Release|Any CPU
		{797CA452-BDBD-4BC3-A2B7-DA3FAB05743E}.Release|Any CPU.Build.0 = Release|Any CPU
	EndGlobalSection
	GlobalSection(SolutionProperties) = preSolution
		HideSolutionNode = FALSE
	EndGlobalSection
	GlobalSection(ExtensibilityGlobals) = postSolution
		SolutionGuid = {9D8F140A-F4B4-463F-8882-1CECCC3744BC}
	EndGlobalSection
EndGlobal
